
Microsoft Visual Studio Solution File, Format Version 12.00
# Visual Studio Version 17
VisualStudioVersion = 17.0.32112.339
MinimumVisualStudioVersion = 10.0.40219.1
Project("{9A19103F-16F7-4668-BE54-9A1E7A4F7556}") = "RateLimitAPI", "RateLimitAPI\RateLimitAPI.csproj", "{66F13315-7156-4655-9F76-92FAEC500554}"
EndProject
Global
	GlobalSection(SolutionConfigurationPlatforms) = preSolution
		Debug|Any CPU = Debug|Any CPU
		Release|Any CPU = Release|Any CPU
	EndGlobalSection
	GlobalSection(ProjectConfigurationPlatforms) = postSolution
		{66F13315-7156-4655-9F76-92FAEC500554}.Debug|Any CPU.ActiveCfg = Debug|Any CPU
		{66F13315-7156-4655-9F76-92FAEC500554}.Debug|Any CPU.Build.0 = Debug|Any CPU
		{66F13315-7156-4655-9F76-92FAEC500554}.Release|Any CPU.ActiveCfg = Release|Any CPU
		{66F13315-7156-4655-9F76-92FAEC500554}.Release|Any CPU.Build.0 = Release|Any CPU
	EndGlobalSection
	GlobalSection(SolutionProperties) = preSolution
		HideSolutionNode = FALSE
	EndGlobalSection
	GlobalSection(ExtensibilityGlobals) = postSolution
		SolutionGuid = {08BE6923-6736-4A6C-B0AC-CD2B5CEE10A8}
	EndGlobalSection
EndGlobal
